{
  "name": "claude-content-writer",
  "version": "1.1.0",
  "lockfileVersion": 3,
  "requires": true,
  "packages": {
    "": {
      "name": "claude-content-writer",
      "version": "1.1.0",
      "hasInstallScript": true,
      "license": "MIT",
      "dependencies": {
        "claude-content-writer": "^1.1.0"
      },
      "engines": {
        "node": ">=14.0.0"
      }
    },
    "node_modules/claude-content-writer": {
      "version": "1.1.0",
      "resolved": "https://registry.npmjs.org/claude-content-writer/-/claude-content-writer-1.1.0.tgz",
      "integrity": "sha512-OMkHFlzUjFmW4y481oJU6hXwVEbJuXDWGQABE9z+VlI2ACEJSfwjFzELm8KhgYFP7Xob36vXw46jbMtiGfnFAg==",
      "hasInstallScript": true,
      "license": "MIT",
      "engines": {
        "node": ">=14.0.0"
      }
    }
  }
}
