{
  "name": "claude-content-writer",
  "version": "2.0.1",
  "lockfileVersion": 3,
  "requires": true,
  "packages": {
    "": {
      "name": "claude-content-writer",
      "version": "2.0.1",
      "hasInstallScript": true,
      "license": "MIT",
      "dependencies": {
        "claude-content-writer": "^2.0.1"
      },
      "engines": {
        "node": ">=14.0.0"
      }
    },
    "node_modules/claude-content-writer": {
      "version": "2.0.1",
      "resolved": "https://registry.npmjs.org/claude-content-writer/-/claude-content-writer-2.0.1.tgz",
      "integrity": "sha512-SkmUC3kvmgKVevKpbDXCZG/b5of69FZEThVnuczBDZ8aMV6S/X5al8SbRmTi9dAf+zn8cFLiTFq28ETGFFxl0g==",
      "hasInstallScript": true,
      "license": "MIT",
      "engines": {
        "node": ">=14.0.0"
      }
    }
  }
}
